
Microsoft Visual Studio Solution File, Format Version 12.00
# Visual Studio 2012
Project("{8BC9CEB8-8B4A-11D0-8D11-00A0C91BC942}") = "ArcManagedFBX", "ArcManagedFBX\ArcManagedFBX.vcxproj", "{C70D41E6-8D0F-4CA9-B024-6EAF77D031C1}"
EndProject
Project("{FAE04EC0-301F-11D3-BF4B-00C04F79EFBC}") = "ArcManagedFBXTest", "ArcManagedFBXTest\ArcManagedFBXTest.csproj", "{9CC95E75-4A51-491E-B298-FF78E3092368}"
EndProject
Project("{FAE04EC0-301F-11D3-BF4B-00C04F79EFBC}") = "ArcManagedFBX.Shared", "ArcManagedFBX.Shared\ArcManagedFBX.Shared.csproj", "{28A74A7A-30BE-4978-8473-C3CB8A8C70DE}"
EndProject
Global
	GlobalSection(SolutionConfigurationPlatforms) = preSolution
		Debug|Any CPU = Debug|Any CPU
		Debug|Mixed Platforms = Debug|Mixed Platforms
		Debug|Win32 = Debug|Win32
		Debug|x64 = Debug|x64
		Release|Any CPU = Release|Any CPU
		Release|Mixed Platforms = Release|Mixed Platforms
		Release|Win32 = Release|Win32
		Release|x64 = Release|x64
	EndGlobalSection
	GlobalSection(ProjectConfigurationPlatforms) = postSolution
		{C70D41E6-8D0F-4CA9-B024-6EAF77D031C1}.Debug|Any CPU.ActiveCfg = Debug|Win32
		{C70D41E6-8D0F-4CA9-B024-6EAF77D031C1}.Debug|Mixed Platforms.ActiveCfg = Debug|x64
		{C70D41E6-8D0F-4CA9-B024-6EAF77D031C1}.Debug|Mixed Platforms.Build.0 = Debug|x64
		{C70D41E6-8D0F-4CA9-B024-6EAF77D031C1}.Debug|Win32.ActiveCfg = Debug|Win32
		{C70D41E6-8D0F-4CA9-B024-6EAF77D031C1}.Debug|Win32.Build.0 = Debug|Win32
		{C70D41E6-8D0F-4CA9-B024-6EAF77D031C1}.Debug|x64.ActiveCfg = Debug|x64
		{C70D41E6-8D0F-4CA9-B024-6EAF77D031C1}.Debug|x64.Build.0 = Debug|x64
		{C70D41E6-8D0F-4CA9-B024-6EAF77D031C1}.Release|Any CPU.ActiveCfg = Release|Win32
		{C70D41E6-8D0F-4CA9-B024-6EAF77D031C1}.Release|Mixed Platforms.ActiveCfg = Release|Win32
		{C70D41E6-8D0F-4CA9-B024-6EAF77D031C1}.Release|Mixed Platforms.Build.0 = Release|Win32
		{C70D41E6-8D0F-4CA9-B024-6EAF77D031C1}.Release|Win32.ActiveCfg = Release|Win32
		{C70D41E6-8D0F-4CA9-B024-6EAF77D031C1}.Release|Win32.Build.0 = Release|Win32
		{C70D41E6-8D0F-4CA9-B024-6EAF77D031C1}.Release|x64.ActiveCfg = Release|x64
		{C70D41E6-8D0F-4CA9-B024-6EAF77D031C1}.Release|x64.Build.0 = Release|x64
		{9CC95E75-4A51-491E-B298-FF78E3092368}.Debug|Any CPU.ActiveCfg = Debug|Any CPU
		{9CC95E75-4A51-491E-B298-FF78E3092368}.Debug|Any CPU.Build.0 = Debug|Any CPU
		{9CC95E75-4A51-491E-B298-FF78E3092368}.Debug|Mixed Platforms.ActiveCfg = Debug|x64
		{9CC95E75-4A51-491E-B298-FF78E3092368}.Debug|Mixed Platforms.Build.0 = Debug|x64
		{9CC95E75-4A51-491E-B298-FF78E3092368}.Debug|Win32.ActiveCfg = Debug|Any CPU
		{9CC95E75-4A51-491E-B298-FF78E3092368}.Debug|x64.ActiveCfg = Debug|x64
		{9CC95E75-4A51-491E-B298-FF78E3092368}.Debug|x64.Build.0 = Debug|x64
		{9CC95E75-4A51-491E-B298-FF78E3092368}.Release|Any CPU.ActiveCfg = Release|Any CPU
		{9CC95E75-4A51-491E-B298-FF78E3092368}.Release|Any CPU.Build.0 = Release|Any CPU
		{9CC95E75-4A51-491E-B298-FF78E3092368}.Release|Mixed Platforms.ActiveCfg = Release|Any CPU
		{9CC95E75-4A51-491E-B298-FF78E3092368}.Release|Mixed Platforms.Build.0 = Release|Any CPU
		{9CC95E75-4A51-491E-B298-FF78E3092368}.Release|Win32.ActiveCfg = Release|Any CPU
		{9CC95E75-4A51-491E-B298-FF78E3092368}.Release|x64.ActiveCfg = Release|Any CPU
		{28A74A7A-30BE-4978-8473-C3CB8A8C70DE}.Debug|Any CPU.ActiveCfg = Debug|Any CPU
		{28A74A7A-30BE-4978-8473-C3CB8A8C70DE}.Debug|Any CPU.Build.0 = Debug|Any CPU
		{28A74A7A-30BE-4978-8473-C3CB8A8C70DE}.Debug|Mixed Platforms.ActiveCfg = Debug|Any CPU
		{28A74A7A-30BE-4978-8473-C3CB8A8C70DE}.Debug|Mixed Platforms.Build.0 = Debug|Any CPU
		{28A74A7A-30BE-4978-8473-C3CB8A8C70DE}.Debug|Win32.ActiveCfg = Debug|Any CPU
		{28A74A7A-30BE-4978-8473-C3CB8A8C70DE}.Debug|x64.ActiveCfg = Debug|Any CPU
		{28A74A7A-30BE-4978-8473-C3CB8A8C70DE}.Debug|x64.Build.0 = Debug|Any CPU
		{28A74A7A-30BE-4978-8473-C3CB8A8C70DE}.Release|Any CPU.ActiveCfg = Release|Any CPU
		{28A74A7A-30BE-4978-8473-C3CB8A8C70DE}.Release|Any CPU.Build.0 = Release|Any CPU
		{28A74A7A-30BE-4978-8473-C3CB8A8C70DE}.Release|Mixed Platforms.ActiveCfg = Release|Any CPU
		{28A74A7A-30BE-4978-8473-C3CB8A8C70DE}.Release|Mixed Platforms.Build.0 = Release|Any CPU
		{28A74A7A-30BE-4978-8473-C3CB8A8C70DE}.Release|Win32.ActiveCfg = Release|Any CPU
		{28A74A7A-30BE-4978-8473-C3CB8A8C70DE}.Release|x64.ActiveCfg = Release|Any CPU
	EndGlobalSection
	GlobalSection(SolutionProperties) = preSolution
		HideSolutionNode = FALSE
	EndGlobalSection
EndGlobal
