<?xml version="1.0" encoding="utf-8"?>
<Project ToolsVersion="4.0" xmlns="http://schemas.microsoft.com/developer/msbuild/2003">
  <ItemGroup>
    <Filter Include="Source Files">
      <UniqueIdentifier>{4FC737F1-C7A5-4376-A066-2A32D752A2FF}</UniqueIdentifier>
      <Extensions>cpp;c;cc;cxx;def;odl;idl;hpj;bat;asm;asmx</Extensions>
    </Filter>
    <Filter Include="Header Files">
      <UniqueIdentifier>{93995380-89BD-4b04-88EB-625FBE52EBFB}</UniqueIdentifier>
      <Extensions>h;hpp;hxx;hm;inl;inc;xsd</Extensions>
    </Filter>
    <Filter Include="Resource Files">
      <UniqueIdentifier>{67DA6AB6-F800-4c08-8B7A-83BB121AAD01}</UniqueIdentifier>
      <Extensions>rc;ico;cur;bmp;dlg;rc2;rct;bin;rgs;gif;jpg;jpeg;jpe;resx;tiff;tif;png;wav;mfcribbon-ms</Extensions>
    </Filter>
    <Filter Include="Header Files\Utility">
      <UniqueIdentifier>{e104a73f-b9b1-4a87-abaf-e948ca3dbf33}</UniqueIdentifier>
    </Filter>
    <Filter Include="Source Files\Utility">
      <UniqueIdentifier>{4ab6888c-da6d-4a5f-95e0-0b9648ed16d0}</UniqueIdentifier>
    </Filter>
    <Filter Include="Header Files\Exceptions">
      <UniqueIdentifier>{86e46894-10cf-4ae6-a2bc-fba4308ebc05}</UniqueIdentifier>
    </Filter>
    <Filter Include="Header Files\Layers">
      <UniqueIdentifier>{587a8bc7-0d31-4793-85e8-109c22d95f6b}</UniqueIdentifier>
    </Filter>
    <Filter Include="Source Files\Layers">
      <UniqueIdentifier>{25cb729d-773d-4ef2-9222-32678f906744}</UniqueIdentifier>
    </Filter>
    <Filter Include="Header Files\IO">
      <UniqueIdentifier>{16ebbedc-b247-4410-b1e8-10a4016647af}</UniqueIdentifier>
    </Filter>
    <Filter Include="Source Files\IO">
      <UniqueIdentifier>{903776af-1987-448f-9847-824023228d53}</UniqueIdentifier>
    </Filter>
    <Filter Include="Header Files\Interfaces">
      <UniqueIdentifier>{85eb9a41-a153-48f2-8e8a-1e40d1e7dcd2}</UniqueIdentifier>
    </Filter>
    <Filter Include="Header Files\Animations">
      <UniqueIdentifier>{03c4adad-8752-4f97-b1a8-a425e7798a3e}</UniqueIdentifier>
    </Filter>
    <Filter Include="Source Files\Animations">
      <UniqueIdentifier>{3d1dd66b-8a13-4983-83ef-e38d99cbdfc9}</UniqueIdentifier>
    </Filter>
    <Filter Include="Header Files\Framework">
      <UniqueIdentifier>{1f738bea-5037-4f04-bf6c-2678899d0f67}</UniqueIdentifier>
    </Filter>
    <Filter Include="Source Files\Framework">
      <UniqueIdentifier>{a0e54a77-15c0-47f5-a40d-25f54f0b64d7}</UniqueIdentifier>
    </Filter>
  </ItemGroup>
  <ItemGroup>
    <ClInclude Include="Stdafx.h">
      <Filter>Header Files</Filter>
    </ClInclude>
    <ClInclude Include="resource.h">
      <Filter>Header Files</Filter>
    </ClInclude>
    <ClInclude Include="FBXScene.h">
      <Filter>Header Files</Filter>
    </ClInclude>
    <ClInclude Include="FBXCamera.h">
      <Filter>Header Files</Filter>
    </ClInclude>
    <ClInclude Include="FBXDocument.h">
      <Filter>Header Files</Filter>
    </ClInclude>
    <ClInclude Include="FBXManager.h">
      <Filter>Header Files</Filter>
    </ClInclude>
    <ClInclude Include="FBXMesh.h">
      <Filter>Header Files</Filter>
    </ClInclude>
    <ClInclude Include="FBXVector.h">
      <Filter>Header Files</Filter>
    </ClInclude>
    <ClInclude Include="FBXTypes.h">
      <Filter>Header Files</Filter>
    </ClInclude>
    <ClInclude Include="Defines.h">
      <Filter>Header Files</Filter>
    </ClInclude>
    <ClInclude Include="FBXLight.h">
      <Filter>Header Files</Filter>
    </ClInclude>
    <ClInclude Include="FBXLayer.h">
      <Filter>Header Files</Filter>
    </ClInclude>
    <ClInclude Include="FBXTexture.h">
      <Filter>Header Files</Filter>
    </ClInclude>
    <ClInclude Include="FBXColour.h">
      <Filter>Header Files</Filter>
    </ClInclude>
    <ClInclude Include="FBXNode.h">
      <Filter>Header Files</Filter>
    </ClInclude>
    <ClInclude Include="FBXAttribute.h">
      <Filter>Header Files</Filter>
    </ClInclude>
    <ClInclude Include="FBXPose.h">
      <Filter>Header Files</Filter>
    </ClInclude>
    <ClInclude Include="FBXDocumentInfo.h">
      <Filter>Header Files</Filter>
    </ClInclude>
    <ClInclude Include="FBXObject.h">
      <Filter>Header Files</Filter>
    </ClInclude>
    <ClInclude Include="FBXEmitter.h">
      <Filter>Header Files</Filter>
    </ClInclude>
    <ClInclude Include="StringHelper.h">
      <Filter>Header Files\Utility</Filter>
    </ClInclude>
    <ClInclude Include="FBXCollection.h">
      <Filter>Header Files</Filter>
    </ClInclude>
    <ClInclude Include="FBXException.h">
      <Filter>Header Files\Exceptions</Filter>
    </ClInclude>
    <ClInclude Include="FBXGeometry.h">
      <Filter>Header Files</Filter>
    </ClInclude>
    <ClInclude Include="FBXGeometryBase.h">
      <Filter>Header Files</Filter>
    </ClInclude>
    <ClInclude Include="FBXLayerContainer.h">
      <Filter>Header Files</Filter>
    </ClInclude>
    <ClInclude Include="FBXAnimLayer.h">
      <Filter>Header Files\Layers</Filter>
    </ClInclude>
    <ClInclude Include="FBXImporter.h">
      <Filter>Header Files\IO</Filter>
    </ClInclude>
    <ClInclude Include="FBXIOBase.h">
      <Filter>Header Files\IO</Filter>
    </ClInclude>
    <ClInclude Include="FBXIOSettings.h">
      <Filter>Header Files\IO</Filter>
    </ClInclude>
    <ClInclude Include="FBXProperty.h">
      <Filter>Header Files</Filter>
    </ClInclude>
    <ClInclude Include="FBXFile.h">
      <Filter>Header Files\IO</Filter>
    </ClInclude>
    <ClInclude Include="FBXStatus.h">
      <Filter>Header Files</Filter>
    </ClInclude>
    <ClInclude Include="FBXClassId.h">
      <Filter>Header Files</Filter>
    </ClInclude>
    <ClInclude Include="FBXAnimStack.h">
      <Filter>Header Files\Layers</Filter>
    </ClInclude>
    <ClInclude Include="FBXVertexNormalInfo.h">
      <Filter>Header Files</Filter>
    </ClInclude>
    <ClInclude Include="FBXSkeleton.h">
      <Filter>Header Files</Filter>
    </ClInclude>
    <ClInclude Include="FBXDeformer.h">
      <Filter>Header Files</Filter>
    </ClInclude>
    <ClInclude Include="FBXPolygonDef.h">
      <Filter>Header Files</Filter>
    </ClInclude>
    <ClInclude Include="FBXLayerElementTemplate.h">
      <Filter>Header Files\Layers</Filter>
    </ClInclude>
    <ClInclude Include="FBXLayerElement.h">
      <Filter>Header Files\Layers</Filter>
    </ClInclude>
    <ClInclude Include="FBXGeometryWeightedMap.h">
      <Filter>Header Files</Filter>
    </ClInclude>
    <ClInclude Include="FBXLayerElementPolygonGroup.h">
      <Filter>Header Files\Layers</Filter>
    </ClInclude>
    <ClInclude Include="FBXAnimCurveKeyBase.h">
      <Filter>Header Files\Animations</Filter>
    </ClInclude>
    <ClInclude Include="FBXExporter.h">
      <Filter>Header Files</Filter>
    </ClInclude>
    <ClInclude Include="FBXLocalTime.h">
      <Filter>Header Files</Filter>
    </ClInclude>
    <ClInclude Include="FBXSkin.h">
      <Filter>Header Files</Filter>
    </ClInclude>
    <ClInclude Include="FBXCluster.h">
      <Filter>Header Files</Filter>
    </ClInclude>
    <ClInclude Include="ArcFBXFramework.h">
      <Filter>Header Files\Framework</Filter>
    </ClInclude>
    <ClInclude Include="ArcFBXFile.h">
      <Filter>Header Files\Framework</Filter>
    </ClInclude>
  </ItemGroup>
  <ItemGroup>
    <ClCompile Include="AssemblyInfo.cpp">
      <Filter>Source Files</Filter>
    </ClCompile>
    <ClCompile Include="Stdafx.cpp">
      <Filter>Source Files</Filter>
    </ClCompile>
    <ClCompile Include="FBXScene.cpp">
      <Filter>Source Files</Filter>
    </ClCompile>
    <ClCompile Include="FBXDocument.cpp">
      <Filter>Source Files</Filter>
    </ClCompile>
    <ClCompile Include="FBXCamera.cpp">
      <Filter>Source Files</Filter>
    </ClCompile>
    <ClCompile Include="FBXVector.cpp">
      <Filter>Source Files</Filter>
    </ClCompile>
    <ClCompile Include="FBXManager.cpp">
      <Filter>Source Files</Filter>
    </ClCompile>
    <ClCompile Include="FBXMesh.cpp">
      <Filter>Source Files</Filter>
    </ClCompile>
    <ClCompile Include="FBXNode.cpp">
      <Filter>Source Files</Filter>
    </ClCompile>
    <ClCompile Include="FBXAttribute.cpp">
      <Filter>Source Files</Filter>
    </ClCompile>
    <ClCompile Include="FBXObject.cpp">
      <Filter>Source Files</Filter>
    </ClCompile>
    <ClCompile Include="FBXLight.cpp">
      <Filter>Source Files</Filter>
    </ClCompile>
    <ClCompile Include="FBXEmitter.cpp">
      <Filter>Source Files</Filter>
    </ClCompile>
    <ClCompile Include="FBXColour.cpp">
      <Filter>Source Files</Filter>
    </ClCompile>
    <ClCompile Include="StringHelper.cpp">
      <Filter>Source Files\Utility</Filter>
    </ClCompile>
    <ClCompile Include="FBXCollection.cpp">
      <Filter>Source Files</Filter>
    </ClCompile>
    <ClCompile Include="FBXDocumentInfo.cpp">
      <Filter>Source Files</Filter>
    </ClCompile>
    <ClCompile Include="FBXGeometry.cpp">
      <Filter>Source Files</Filter>
    </ClCompile>
    <ClCompile Include="FBXGeometryBase.cpp">
      <Filter>Source Files</Filter>
    </ClCompile>
    <ClCompile Include="FBXLayerContainer.cpp">
      <Filter>Source Files</Filter>
    </ClCompile>
    <ClCompile Include="FBXLayer.cpp">
      <Filter>Source Files</Filter>
    </ClCompile>
    <ClCompile Include="FBXAnimLayer.cpp">
      <Filter>Source Files\Layers</Filter>
    </ClCompile>
    <ClCompile Include="FBXImporter.cpp">
      <Filter>Source Files\IO</Filter>
    </ClCompile>
    <ClCompile Include="FBXIOBase.cpp">
      <Filter>Source Files\IO</Filter>
    </ClCompile>
    <ClCompile Include="FBXIOSettings.cpp">
      <Filter>Source Files\IO</Filter>
    </ClCompile>
    <ClCompile Include="FBXProperty.cpp">
      <Filter>Source Files</Filter>
    </ClCompile>
    <ClCompile Include="FBXIOFileHeaderInfo.cpp">
      <Filter>Source Files\IO</Filter>
    </ClCompile>
    <ClCompile Include="FBXFile.cpp">
      <Filter>Source Files\IO</Filter>
    </ClCompile>
    <ClCompile Include="FBXStatus.cpp">
      <Filter>Source Files</Filter>
    </ClCompile>
    <ClCompile Include="FBXAnimStack.cpp">
      <Filter>Source Files\Layers</Filter>
    </ClCompile>
    <ClCompile Include="FBXSkeleton.cpp">
      <Filter>Source Files</Filter>
    </ClCompile>
    <ClCompile Include="FBXDeformer.cpp">
      <Filter>Source Files</Filter>
    </ClCompile>
    <ClCompile Include="FBXPolygonDef.cpp">
      <Filter>Source Files</Filter>
    </ClCompile>
    <ClCompile Include="FBXLayerElementTemplate.cpp">
      <Filter>Source Files\Layers</Filter>
    </ClCompile>
    <ClCompile Include="FBXLayerElement.cpp">
      <Filter>Source Files\Layers</Filter>
    </ClCompile>
    <ClCompile Include="FBXGeometryWeightedMap.cpp">
      <Filter>Source Files</Filter>
    </ClCompile>
    <ClCompile Include="FBXLayerElementPolygonGroup.cpp">
      <Filter>Source Files\Layers</Filter>
    </ClCompile>
    <ClCompile Include="FBXClassId.cpp">
      <Filter>Source Files</Filter>
    </ClCompile>
    <ClCompile Include="FBXExporter.cpp">
      <Filter>Source Files</Filter>
    </ClCompile>
    <ClCompile Include="FBXSkin.cpp">
      <Filter>Source Files</Filter>
    </ClCompile>
    <ClCompile Include="ArcFBXFramework.cpp">
      <Filter>Source Files\Framework</Filter>
    </ClCompile>
    <ClCompile Include="ArcFBXFile.cpp">
      <Filter>Source Files\Framework</Filter>
    </ClCompile>
  </ItemGroup>
  <ItemGroup>
    <Text Include="ReadMe.txt" />
  </ItemGroup>
  <ItemGroup>
    <ResourceCompile Include="app.rc">
      <Filter>Resource Files</Filter>
    </ResourceCompile>
  </ItemGroup>
  <ItemGroup>
    <Image Include="app.ico">
      <Filter>Resource Files</Filter>
    </Image>
  </ItemGroup>
  <ItemGroup>
    <None Include="FBXIOFileHeaderInfo.h">
      <Filter>Header Files\IO</Filter>
    </None>
  </ItemGroup>
</Project>